
Microsoft Visual Studio Solution File, Format Version 12.00
# Visual Studio 15
VisualStudioVersion = 15.0.28307.1401
MinimumVisualStudioVersion = 10.0.40219.1
Project("{FAE04EC0-301F-11D3-BF4B-00C04F79EFBC}") = "DealDouble.Web", "DealDouble.Web\DealDouble.Web.csproj", "{37E6DFB5-25E9-4EAB-9E45-1EE07EDC9038}"
EndProject
Global
	GlobalSection(SolutionConfigurationPlatforms) = preSolution
		Debug|Any CPU = Debug|Any CPU
		Release|Any CPU = Release|Any CPU
	EndGlobalSection
	GlobalSection(ProjectConfigurationPlatforms) = postSolution
		{37E6DFB5-25E9-4EAB-9E45-1EE07EDC9038}.Debug|Any CPU.ActiveCfg = Debug|Any CPU
		{37E6DFB5-25E9-4EAB-9E45-1EE07EDC9038}.Debug|Any CPU.Build.0 = Debug|Any CPU
		{37E6DFB5-25E9-4EAB-9E45-1EE07EDC9038}.Release|Any CPU.ActiveCfg = Release|Any CPU
		{37E6DFB5-25E9-4EAB-9E45-1EE07EDC9038}.Release|Any CPU.Build.0 = Release|Any CPU
	EndGlobalSection
	GlobalSection(SolutionProperties) = preSolution
		HideSolutionNode = FALSE
	EndGlobalSection
	GlobalSection(ExtensibilityGlobals) = postSolution
		SolutionGuid = {0595B0F7-8607-4E9E-8BB8-E3FAEF254461}
	EndGlobalSection
EndGlobal
